
Microsoft Visual Studio Solution File, Format Version 12.00
# Visual Studio 15
VisualStudioVersion = 15.0.28307.572
MinimumVisualStudioVersion = 10.0.40219.1
Project("{FAE04EC0-301F-11D3-BF4B-00C04F79EFBC}") = "SassConverter", "SassConverter\SassConverter.csproj", "{360170EF-D6D0-49BB-8C43-AE4117F1FE14}"
EndProject
Global
	GlobalSection(SolutionConfigurationPlatforms) = preSolution
		Debug|Any CPU = Debug|Any CPU
		Release|Any CPU = Release|Any CPU
	EndGlobalSection
	GlobalSection(ProjectConfigurationPlatforms) = postSolution
		{360170EF-D6D0-49BB-8C43-AE4117F1FE14}.Debug|Any CPU.ActiveCfg = Debug|Any CPU
		{360170EF-D6D0-49BB-8C43-AE4117F1FE14}.Debug|Any CPU.Build.0 = Debug|Any CPU
		{360170EF-D6D0-49BB-8C43-AE4117F1FE14}.Release|Any CPU.ActiveCfg = Release|Any CPU
		{360170EF-D6D0-49BB-8C43-AE4117F1FE14}.Release|Any CPU.Build.0 = Release|Any CPU
	EndGlobalSection
	GlobalSection(SolutionProperties) = preSolution
		HideSolutionNode = FALSE
	EndGlobalSection
	GlobalSection(ExtensibilityGlobals) = postSolution
		SolutionGuid = {6A3B56E5-5DB1-4858-B7AC-7984EC26C3D9}
	EndGlobalSection
EndGlobal
